
Microsoft Visual Studio Solution File, Format Version 12.00
# Visual Studio 2012
Project("{FAE04EC0-301F-11D3-BF4B-00C04F79EFBC}") = "WordExcel", "WordExcel\WordExcel.csproj", "{47F6E404-BFEE-4790-ACB9-C29D2C805332}"
EndProject
Project("{FAE04EC0-301F-11D3-BF4B-00C04F79EFBC}") = "DataAccessLayer", "DataAccessLayer\DataAccessLayer.csproj", "{48EB30F3-A1D1-4D1A-8371-8877A787D0BD}"
EndProject
Project("{FAE04EC0-301F-11D3-BF4B-00C04F79EFBC}") = "BusinessLogicLayer", "BusinessLogicLayer\BusinessLogicLayer.csproj", "{A81DA37D-98E5-4D5F-A600-B21294C7E06E}"
EndProject
Global
	GlobalSection(SolutionConfigurationPlatforms) = preSolution
		Debug|Any CPU = Debug|Any CPU
		Release|Any CPU = Release|Any CPU
	EndGlobalSection
	GlobalSection(ProjectConfigurationPlatforms) = postSolution
		{47F6E404-BFEE-4790-ACB9-C29D2C805332}.Debug|Any CPU.ActiveCfg = Debug|Any CPU
		{47F6E404-BFEE-4790-ACB9-C29D2C805332}.Debug|Any CPU.Build.0 = Debug|Any CPU
		{47F6E404-BFEE-4790-ACB9-C29D2C805332}.Release|Any CPU.ActiveCfg = Release|Any CPU
		{47F6E404-BFEE-4790-ACB9-C29D2C805332}.Release|Any CPU.Build.0 = Release|Any CPU
		{48EB30F3-A1D1-4D1A-8371-8877A787D0BD}.Debug|Any CPU.ActiveCfg = Debug|Any CPU
		{48EB30F3-A1D1-4D1A-8371-8877A787D0BD}.Debug|Any CPU.Build.0 = Debug|Any CPU
		{48EB30F3-A1D1-4D1A-8371-8877A787D0BD}.Release|Any CPU.ActiveCfg = Release|Any CPU
		{48EB30F3-A1D1-4D1A-8371-8877A787D0BD}.Release|Any CPU.Build.0 = Release|Any CPU
		{A81DA37D-98E5-4D5F-A600-B21294C7E06E}.Debug|Any CPU.ActiveCfg = Debug|Any CPU
		{A81DA37D-98E5-4D5F-A600-B21294C7E06E}.Debug|Any CPU.Build.0 = Debug|Any CPU
		{A81DA37D-98E5-4D5F-A600-B21294C7E06E}.Release|Any CPU.ActiveCfg = Release|Any CPU
		{A81DA37D-98E5-4D5F-A600-B21294C7E06E}.Release|Any CPU.Build.0 = Release|Any CPU
	EndGlobalSection
	GlobalSection(SolutionProperties) = preSolution
		HideSolutionNode = FALSE
	EndGlobalSection
EndGlobal
